<?xml version="1.0" encoding="utf-8"?>
<Project ToolsVersion="4.0" xmlns="http://schemas.microsoft.com/developer/msbuild/2003">
  <ItemGroup>
    <Filter Include="Header Files">
      <UniqueIdentifier>{93995380-89BD-4b04-88EB-625FBE52EBFB}</UniqueIdentifier>
      <Extensions>h;hh;hpp;hxx;hm;inl;inc;xsd</Extensions>
    </Filter>
    <Filter Include="Source Files">
      <UniqueIdentifier>{4FC737F1-C7A5-4376-A066-2A32D752A2FF}</UniqueIdentifier>
      <Extensions>cpp;c;cc;cxx;def;odl;idl;hpj;bat;asm;asmx</Extensions>
    </Filter>
    <Filter Include="Source Files\Service">
      <UniqueIdentifier>{2cc4dc73-17a5-42a5-bab6-9cd9ebcf8003}</UniqueIdentifier>
    </Filter>
    <Filter Include="Resource Files">
      <UniqueIdentifier>{67DA6AB6-F800-4c08-8B7A-83BB121AAD01}</UniqueIdentifier>
      <Extensions>rc;ico;cur;bmp;dlg;rc2;rct;bin;rgs;gif;jpg;jpeg;jpe;resx;tiff;tif;png;wav;mfcribbon-ms</Extensions>
    </Filter>
    <Filter Include="Source Files\Replica">
      <UniqueIdentifier>{45fbbd64-5fa5-4839-9ed0-a76960d17fd8}</UniqueIdentifier>
    </Filter>
    <Filter Include="Header Files\Replica">
      <UniqueIdentifier>{f7bbcea7-f8bb-4da4-8122-2390ce945d05}</UniqueIdentifier>
    </Filter>
    <Filter Include="Header Files\Common">
      <UniqueIdentifier>{800768c5-33b3-4dcb-9e7f-d2e824b7910f}</UniqueIdentifier>
    </Filter>
    <Filter Include="Source Files\Common">
      <UniqueIdentifier>{322d1d70-9ef1-4518-be66-06a5c97985b9}</UniqueIdentifier>
    </Filter>
    <Filter Include="Source Files\Database">
      <UniqueIdentifier>{e57dbd60-8dd9-4079-8cfe-bc38ec3dd1df}</UniqueIdentifier>
    </Filter>
    <Filter Include="Header Files\Database">
      <UniqueIdentifier>{31916954-c5b0-446d-8d1c-7831fcea3575}</UniqueIdentifier>
    </Filter>
    <Filter Include="Header Files\Common\Utility">
      <UniqueIdentifier>{bec0aace-7470-4827-b0c4-c32b5b0724bb}</UniqueIdentifier>
    </Filter>
    <Filter Include="Source Files\Common\Utility">
      <UniqueIdentifier>{bd02c9bb-f167-4afb-b6a7-3d1f0d8e63e8}</UniqueIdentifier>
    </Filter>
    <Filter Include="Header Files\Mechanics">
      <UniqueIdentifier>{65844bcf-f224-432d-9072-4e5622bc2f09}</UniqueIdentifier>
    </Filter>
    <Filter Include="Source Files\Mechanics">
      <UniqueIdentifier>{a62db2c3-24d4-4a92-b9f1-41d5810ea4c6}</UniqueIdentifier>
    </Filter>
    <Filter Include="Header Files\Network">
      <UniqueIdentifier>{e33d972a-e493-4fd5-9501-948f06ca1e18}</UniqueIdentifier>
    </Filter>
    <Filter Include="Source Files\Network">
      <UniqueIdentifier>{9e8d19c5-5002-4ad6-974f-9a6c568da8e6}</UniqueIdentifier>
    </Filter>
  </ItemGroup>
  <ItemGroup>
    <ClInclude Include="serverLoop.h">
      <Filter>Header Files</Filter>
    </ClInclude>
    <ClInclude Include="Character.h">
      <Filter>Header Files</Filter>
    </ClInclude>
    <ClInclude Include="User.h">
      <Filter>Header Files</Filter>
    </ClInclude>
    <ClInclude Include="UsersPool.h">
      <Filter>Header Files</Filter>
    </ClInclude>
    <ClInclude Include="PlayerObject.h">
      <Filter>Header Files\Replica</Filter>
    </ClInclude>
    <ClInclude Include="ReplicaData.h">
      <Filter>Header Files\Replica</Filter>
    </ClInclude>
    <ClInclude Include="Replica.h">
      <Filter>Header Files\Replica</Filter>
    </ClInclude>
    <ClInclude Include="CharPackets.h">
      <Filter>Header Files\Network</Filter>
    </ClInclude>
    <ClInclude Include="AuthPackets.h">
      <Filter>Header Files\Network</Filter>
    </ClInclude>
    <ClInclude Include="legoPackets.h">
      <Filter>Header Files\Network</Filter>
    </ClInclude>
    <ClInclude Include="Packet.h">
      <Filter>Header Files\Network</Filter>
    </ClInclude>
    <ClInclude Include="Color.h">
      <Filter>Header Files\Common</Filter>
    </ClInclude>
    <ClInclude Include="Common.h">
      <Filter>Header Files\Common</Filter>
    </ClInclude>
    <ClInclude Include="Faction.h">
      <Filter>Header Files\Common</Filter>
    </ClInclude>
    <ClInclude Include="World.h">
      <Filter>Header Files\Common</Filter>
    </ClInclude>
    <ClInclude Include="resource.h">
      <Filter>Header Files\Common</Filter>
    </ClInclude>
    <ClInclude Include="GameMessages.h">
      <Filter>Header Files\Common</Filter>
    </ClInclude>
    <ClInclude Include="ReplicaComponents.h">
      <Filter>Header Files\Replica</Filter>
    </ClInclude>
    <ClInclude Include="ReplicaDefinitions.h">
      <Filter>Header Files\Replica</Filter>
    </ClInclude>
    <ClInclude Include="LDF.h">
      <Filter>Header Files\Network</Filter>
    </ClInclude>
    <ClInclude Include="Database.h">
      <Filter>Header Files\Database</Filter>
    </ClInclude>
    <ClInclude Include="InventoryDB.h">
      <Filter>Header Files\Database</Filter>
    </ClInclude>
    <ClInclude Include="CharactersDB.h">
      <Filter>Header Files\Database</Filter>
    </ClInclude>
    <ClInclude Include="UtfConverter.h">
      <Filter>Header Files\Common\Utility</Filter>
    </ClInclude>
    <ClInclude Include="md5.h">
      <Filter>Header Files\Common\Utility</Filter>
    </ClInclude>
    <ClInclude Include="Encryption.h">
      <Filter>Header Files\Common\Utility</Filter>
    </ClInclude>
    <ClInclude Include="AccountsDB.h">
      <Filter>Header Files\Database</Filter>
    </ClInclude>
    <ClInclude Include="Social.h">
      <Filter>Header Files\Mechanics</Filter>
    </ClInclude>
    <ClInclude Include="WorldServer.h">
      <Filter>Header Files\Network</Filter>
    </ClInclude>
    <ClInclude Include="Account.h">
      <Filter>Header Files\Mechanics</Filter>
    </ClInclude>
    <ClInclude Include="TimeUtil.h">
      <Filter>Header Files\Common\Utility</Filter>
    </ClInclude>
  </ItemGroup>
  <ItemGroup>
    <ClCompile Include="main.cpp">
      <Filter>Source Files</Filter>
    </ClCompile>
    <ClCompile Include="User.cpp">
      <Filter>Source Files</Filter>
    </ClCompile>
    <ClCompile Include="Character.cpp">
      <Filter>Source Files</Filter>
    </ClCompile>
    <ClCompile Include="AuthLoop.cpp">
      <Filter>Source Files\Service</Filter>
    </ClCompile>
    <ClCompile Include="CharactersLoop.cpp">
      <Filter>Source Files\Service</Filter>
    </ClCompile>
    <ClCompile Include="WorldLoop.cpp">
      <Filter>Source Files\Service</Filter>
    </ClCompile>
    <ClCompile Include="serverLoop.cpp">
      <Filter>Source Files\Service</Filter>
    </ClCompile>
    <ClCompile Include="PlayerObject.cpp">
      <Filter>Source Files\Replica</Filter>
    </ClCompile>
    <ClCompile Include="ReplicaData.cpp">
      <Filter>Source Files\Replica</Filter>
    </ClCompile>
    <ClCompile Include="Replica.cpp">
      <Filter>Source Files\Replica</Filter>
    </ClCompile>
    <ClCompile Include="AuthPackets.cpp">
      <Filter>Source Files\Network</Filter>
    </ClCompile>
    <ClCompile Include="CharPackets.cpp">
      <Filter>Source Files\Network</Filter>
    </ClCompile>
    <ClCompile Include="Packet.cpp">
      <Filter>Source Files\Network</Filter>
    </ClCompile>
    <ClCompile Include="Common.cpp">
      <Filter>Source Files\Common</Filter>
    </ClCompile>
    <ClCompile Include="World.cpp">
      <Filter>Source Files\Common</Filter>
    </ClCompile>
    <ClCompile Include="GameMessages.cpp">
      <Filter>Source Files\Common</Filter>
    </ClCompile>
    <ClCompile Include="ReplicaComponents.cpp">
      <Filter>Source Files\Replica</Filter>
    </ClCompile>
    <ClCompile Include="Database.cpp">
      <Filter>Source Files\Database</Filter>
    </ClCompile>
    <ClCompile Include="InventoryDB.cpp">
      <Filter>Source Files\Database</Filter>
    </ClCompile>
    <ClCompile Include="md5.cpp">
      <Filter>Source Files\Common\Utility</Filter>
    </ClCompile>
    <ClCompile Include="UtfConverter.cpp">
      <Filter>Source Files\Common\Utility</Filter>
    </ClCompile>
    <ClCompile Include="Encryption.cpp">
      <Filter>Source Files\Common\Utility</Filter>
    </ClCompile>
    <ClCompile Include="AccountsDB.cpp">
      <Filter>Source Files\Database</Filter>
    </ClCompile>
    <ClCompile Include="CharactersDB.cpp">
      <Filter>Source Files\Database</Filter>
    </ClCompile>
    <ClCompile Include="Social.cpp">
      <Filter>Source Files\Mechanics</Filter>
    </ClCompile>
    <ClCompile Include="WorldServer.cpp">
      <Filter>Source Files\Network</Filter>
    </ClCompile>
    <ClCompile Include="Account.cpp">
      <Filter>Source Files\Mechanics</Filter>
    </ClCompile>
  </ItemGroup>
  <ItemGroup>
    <ResourceCompile Include="Resource.rc">
      <Filter>Resource Files</Filter>
    </ResourceCompile>
  </ItemGroup>
  <ItemGroup>
    <Image Include="lu.ico">
      <Filter>Resource Files</Filter>
    </Image>
  </ItemGroup>
</Project>